DEPENDENCIES
  database (~> 6.1.1)
  golang
    git: https://github.com/NOX73/chef-golang
    revision: c3decac8c252a466964f7399245dacbbdb706b07
    branch: master
  keepalived (~> 3.1.1)
  mysql
  mysql2_chef_gem (~> 2.1.0)
  nginx (~> 7.0.2)
  supervisor (~> 0.4.12)
  yum-epel

GRAPH
  apt (6.1.4)
  build-essential (8.0.4)
    mingw (>= 1.1)
    seven_zip (>= 0.0.0)
  compat_resource (12.19.0)
  database (6.1.1)
    postgresql (>= 1.0.0)
  golang (1.7.1)
  inifile_chef_gem (0.1.0)
    build-essential (>= 0.0.0)
  keepalived (3.1.1)
  mariadb (1.5.3)
    apt (>= 0.0.0)
    build-essential (>= 0.0.0)
    selinux_policy (~> 2.0)
    yum (>= 0.0.0)
    yum-epel (>= 0.0.0)
    yum-scl (>= 0.0.0)
  mingw (2.0.1)
    seven_zip (>= 0.0.0)
  mysql (8.5.1)
  mysql2_chef_gem (2.1.0)
    build-essential (>= 2.4.0)
    mariadb (>= 0.0.0)
    mysql (>= 8.2.0)
  nginx (7.0.2)
    build-essential (>= 0.0.0)
    compat_resource (>= 12.16.3)
    ohai (>= 4.1.0)
    yum-epel (>= 0.0.0)
    zypper (>= 0.0.0)
  ohai (5.2.0)
  openssl (8.1.0)
  postgresql (6.1.1)
    build-essential (>= 2.0.0)
    compat_resource (>= 12.16.3)
    openssl (>= 4.0)
  python (1.4.6)
    build-essential (>= 0.0.0)
    yum-epel (>= 0.0.0)
  selinux_policy (2.0.1)
    compat_resource (>= 12.16.3)
  seven_zip (2.0.2)
    windows (>= 1.2.2)
  supervisor (0.4.12)
    python (>= 0.0.0)
  windows (3.4.3)
    ohai (>= 4.0.0)
  yum (5.1.0)
  yum-epel (2.1.2)
    compat_resource (>= 12.16.3)
  yum-scl (0.2.0)
    inifile_chef_gem (>= 0.0.0)
    yum (>= 0.0.0)
  zypper (0.4.0)
